
Microsoft Visual Studio Solution File, Format Version 12.00
# Visual Studio 15
Project("{FAE04EC0-301F-11D3-BF4B-00C04F79EFBC}") = "Assembly-CSharp", "Assembly-CSharp.csproj", "{08C45E4E-7D86-F264-0B8C-0983488055FF}"
EndProject
Project("{FAE04EC0-301F-11D3-BF4B-00C04F79EFBC}") = "Assembly-CSharp-Editor", "Assembly-CSharp-Editor.csproj", "{C1ACD5A3-850F-1903-BDF1-F126A652CEAE}"
EndProject
Global
	GlobalSection(SolutionConfigurationPlatforms) = preSolution
		Debug|Any CPU = Debug|Any CPU
		Release|Any CPU = Release|Any CPU
	EndGlobalSection
	GlobalSection(ProjectConfigurationPlatforms) = postSolution
		{08C45E4E-7D86-F264-0B8C-0983488055FF}.Debug|Any CPU.ActiveCfg = Debug|Any CPU
		{08C45E4E-7D86-F264-0B8C-0983488055FF}.Debug|Any CPU.Build.0 = Debug|Any CPU
		{08C45E4E-7D86-F264-0B8C-0983488055FF}.Release|Any CPU.ActiveCfg = Release|Any CPU
		{08C45E4E-7D86-F264-0B8C-0983488055FF}.Release|Any CPU.Build.0 = Release|Any CPU
		{C1ACD5A3-850F-1903-BDF1-F126A652CEAE}.Debug|Any CPU.ActiveCfg = Debug|Any CPU
		{C1ACD5A3-850F-1903-BDF1-F126A652CEAE}.Debug|Any CPU.Build.0 = Debug|Any CPU
		{C1ACD5A3-850F-1903-BDF1-F126A652CEAE}.Release|Any CPU.ActiveCfg = Release|Any CPU
		{C1ACD5A3-850F-1903-BDF1-F126A652CEAE}.Release|Any CPU.Build.0 = Release|Any CPU
	EndGlobalSection
	GlobalSection(SolutionProperties) = preSolution
		HideSolutionNode = FALSE
	EndGlobalSection
	GlobalSection(MonoDevelopProperties) = preSolution
		StartupItem = Assembly-CSharp.csproj
	EndGlobalSection
EndGlobal
